
Microsoft Visual Studio Solution File, Format Version 10.00
# Visual C++ Express 2008
Project("{8BC9CEB8-8B4A-11D0-8D11-00A0C91BC942}") = "Abalone", "Abalone.vcproj", "{E6BD151A-87D1-4744-8D52-6EB8FC2DAFAC}"
EndProject
Global
	GlobalSection(SolutionConfigurationPlatforms) = preSolution
		Debug|Win32 = Debug|Win32
		Release|Win32 = Release|Win32
	EndGlobalSection
	GlobalSection(ProjectConfigurationPlatforms) = postSolution
		{E6BD151A-87D1-4744-8D52-6EB8FC2DAFAC}.Debug|Win32.ActiveCfg = Debug|Win32
		{E6BD151A-87D1-4744-8D52-6EB8FC2DAFAC}.Debug|Win32.Build.0 = Debug|Win32
		{E6BD151A-87D1-4744-8D52-6EB8FC2DAFAC}.Release|Win32.ActiveCfg = Release|Win32
		{E6BD151A-87D1-4744-8D52-6EB8FC2DAFAC}.Release|Win32.Build.0 = Release|Win32
	EndGlobalSection
	GlobalSection(SolutionProperties) = preSolution
		HideSolutionNode = FALSE
	EndGlobalSection
EndGlobal
